
Microsoft Visual Studio Solution File, Format Version 12.00
# Visual Studio Version 17
VisualStudioVersion = 17.3.32929.385
MinimumVisualStudioVersion = 10.0.40219.1
Project("{FAE04EC0-301F-11D3-BF4B-00C04F79EFBC}") = "HomeWork1", "HomeWork1\HomeWork1.csproj", "{090DE288-696E-479F-AFE1-CD39EA4F45EC}"
EndProject
Project("{FAE04EC0-301F-11D3-BF4B-00C04F79EFBC}") = "Task1", "Task1\Task1.csproj", "{7DC29B39-943E-4110-BF64-A36A65289BD6}"
EndProject
Project("{FAE04EC0-301F-11D3-BF4B-00C04F79EFBC}") = "Task2", "Task2\Task2.csproj", "{ABDE2C92-23FB-4338-BF47-9384971834A8}"
EndProject
Project("{FAE04EC0-301F-11D3-BF4B-00C04F79EFBC}") = "Homework2", "Homework2\Homework2.csproj", "{98394ABE-E42C-4B83-BFF7-EF4065BE4187}"
EndProject
Project("{FAE04EC0-301F-11D3-BF4B-00C04F79EFBC}") = "HomeWork3", "HomeWork3\HomeWork3.csproj", "{64D73750-7D2C-4102-8CE9-B19620205EB9}"
EndProject
Project("{FAE04EC0-301F-11D3-BF4B-00C04F79EFBC}") = "Task3", "Task3\Task3.csproj", "{71AD8B31-9959-479D-BB27-1E31D99C1492}"
EndProject
Project("{FAE04EC0-301F-11D3-BF4B-00C04F79EFBC}") = "HomeWork4", "HomeWork4\HomeWork4.csproj", "{4BE588D6-3A9A-42F5-9CB4-1428EE6442FA}"
EndProject
Project("{FAE04EC0-301F-11D3-BF4B-00C04F79EFBC}") = "Task4", "Task4\Task4.csproj", "{586EF2B5-5CAB-429E-81B5-09E3CCE5D738}"
EndProject
Project("{FAE04EC0-301F-11D3-BF4B-00C04F79EFBC}") = "HomeWork5", "HomeWork5\HomeWork5.csproj", "{FD8F9064-DD3B-4976-B0C0-B00F667BE109}"
EndProject
Project("{FAE04EC0-301F-11D3-BF4B-00C04F79EFBC}") = "Task5", "Task5\Task5.csproj", "{10CF4E86-68FE-455A-9043-F65F2EF3EB16}"
EndProject
Project("{FAE04EC0-301F-11D3-BF4B-00C04F79EFBC}") = "HomeWork6", "HomeWork6\HomeWork6.csproj", "{B10E0011-3358-47C4-A5D5-8FE0AB17B9CD}"
EndProject
Project("{FAE04EC0-301F-11D3-BF4B-00C04F79EFBC}") = "Task7", "Task7\Task7.csproj", "{1284FD39-B30A-4EAA-9D94-FFA75DDCBBE7}"
EndProject
Project("{FAE04EC0-301F-11D3-BF4B-00C04F79EFBC}") = "HomeWork7", "HomeWork7\HomeWork7.csproj", "{6F9F84FE-6E1B-467B-B652-62AAE9E1FE77}"
EndProject
Project("{FAE04EC0-301F-11D3-BF4B-00C04F79EFBC}") = "Task8", "Task8\Task8.csproj", "{4D7E3926-1668-409B-9F4C-02FDD891F381}"
EndProject
Project("{FAE04EC0-301F-11D3-BF4B-00C04F79EFBC}") = "HomeWork8", "HomeWork8\HomeWork8.csproj", "{C1964278-5EB1-4296-AA0C-8403C99E1C45}"
EndProject
Project("{FAE04EC0-301F-11D3-BF4B-00C04F79EFBC}") = "Task9", "Task9\Task9.csproj", "{918BCF99-9E58-4092-B83F-DB47F20FFED9}"
EndProject
Project("{FAE04EC0-301F-11D3-BF4B-00C04F79EFBC}") = "HomeWork9", "HomeWork9\HomeWork9.csproj", "{FC77449C-2C3C-4351-BC39-320DBEB1B7B9}"
EndProject
Project("{FAE04EC0-301F-11D3-BF4B-00C04F79EFBC}") = "HomeWork9.2", "HomeWork9.2\HomeWork9.2.csproj", "{BBA68C5C-A9ED-46A6-BBE5-221EA45C24B4}"
EndProject
Project("{FAE04EC0-301F-11D3-BF4B-00C04F79EFBC}") = "HomeWork10", "HomeWork10\HomeWork10.csproj", "{4E86E84A-FF19-476E-A678-7174A7BC12A5}"
EndProject
Project("{9A19103F-16F7-4668-BE54-9A1E7A4F7556}") = "HomeWork10Test", "HomeWork10Test\HomeWork10Test.csproj", "{8C9C8B7D-D1A6-4239-B2F5-22712374D0FF}"
EndProject
Project("{9A19103F-16F7-4668-BE54-9A1E7A4F7556}") = "HomeWork9Test", "HomeWork9Test\HomeWork9Test.csproj", "{117984ED-D8DA-423E-A6BD-E4BF028B581F}"
EndProject
Project("{FAE04EC0-301F-11D3-BF4B-00C04F79EFBC}") = "HomeWork11", "HomeWork11\HomeWork11.csproj", "{05904ADE-2399-45F3-9EB5-1834D5335E20}"
EndProject
Global
	GlobalSection(SolutionConfigurationPlatforms) = preSolution
		Debug|Any CPU = Debug|Any CPU
		Release|Any CPU = Release|Any CPU
	EndGlobalSection
	GlobalSection(ProjectConfigurationPlatforms) = postSolution
		{090DE288-696E-479F-AFE1-CD39EA4F45EC}.Debug|Any CPU.ActiveCfg = Debug|Any CPU
		{090DE288-696E-479F-AFE1-CD39EA4F45EC}.Debug|Any CPU.Build.0 = Debug|Any CPU
		{090DE288-696E-479F-AFE1-CD39EA4F45EC}.Release|Any CPU.ActiveCfg = Release|Any CPU
		{090DE288-696E-479F-AFE1-CD39EA4F45EC}.Release|Any CPU.Build.0 = Release|Any CPU
		{7DC29B39-943E-4110-BF64-A36A65289BD6}.Debug|Any CPU.ActiveCfg = Debug|Any CPU
		{7DC29B39-943E-4110-BF64-A36A65289BD6}.Debug|Any CPU.Build.0 = Debug|Any CPU
		{7DC29B39-943E-4110-BF64-A36A65289BD6}.Release|Any CPU.ActiveCfg = Release|Any CPU
		{7DC29B39-943E-4110-BF64-A36A65289BD6}.Release|Any CPU.Build.0 = Release|Any CPU
		{ABDE2C92-23FB-4338-BF47-9384971834A8}.Debug|Any CPU.ActiveCfg = Debug|Any CPU
		{ABDE2C92-23FB-4338-BF47-9384971834A8}.Debug|Any CPU.Build.0 = Debug|Any CPU
		{ABDE2C92-23FB-4338-BF47-9384971834A8}.Release|Any CPU.ActiveCfg = Release|Any CPU
		{ABDE2C92-23FB-4338-BF47-9384971834A8}.Release|Any CPU.Build.0 = Release|Any CPU
		{98394ABE-E42C-4B83-BFF7-EF4065BE4187}.Debug|Any CPU.ActiveCfg = Debug|Any CPU
		{98394ABE-E42C-4B83-BFF7-EF4065BE4187}.Debug|Any CPU.Build.0 = Debug|Any CPU
		{98394ABE-E42C-4B83-BFF7-EF4065BE4187}.Release|Any CPU.ActiveCfg = Release|Any CPU
		{98394ABE-E42C-4B83-BFF7-EF4065BE4187}.Release|Any CPU.Build.0 = Release|Any CPU
		{64D73750-7D2C-4102-8CE9-B19620205EB9}.Debug|Any CPU.ActiveCfg = Debug|Any CPU
		{64D73750-7D2C-4102-8CE9-B19620205EB9}.Debug|Any CPU.Build.0 = Debug|Any CPU
		{64D73750-7D2C-4102-8CE9-B19620205EB9}.Release|Any CPU.ActiveCfg = Release|Any CPU
		{64D73750-7D2C-4102-8CE9-B19620205EB9}.Release|Any CPU.Build.0 = Release|Any CPU
		{71AD8B31-9959-479D-BB27-1E31D99C1492}.Debug|Any CPU.ActiveCfg = Debug|Any CPU
		{71AD8B31-9959-479D-BB27-1E31D99C1492}.Debug|Any CPU.Build.0 = Debug|Any CPU
		{71AD8B31-9959-479D-BB27-1E31D99C1492}.Release|Any CPU.ActiveCfg = Release|Any CPU
		{71AD8B31-9959-479D-BB27-1E31D99C1492}.Release|Any CPU.Build.0 = Release|Any CPU
		{4BE588D6-3A9A-42F5-9CB4-1428EE6442FA}.Debug|Any CPU.ActiveCfg = Debug|Any CPU
		{4BE588D6-3A9A-42F5-9CB4-1428EE6442FA}.Debug|Any CPU.Build.0 = Debug|Any CPU
		{4BE588D6-3A9A-42F5-9CB4-1428EE6442FA}.Release|Any CPU.ActiveCfg = Release|Any CPU
		{4BE588D6-3A9A-42F5-9CB4-1428EE6442FA}.Release|Any CPU.Build.0 = Release|Any CPU
		{586EF2B5-5CAB-429E-81B5-09E3CCE5D738}.Debug|Any CPU.ActiveCfg = Debug|Any CPU
		{586EF2B5-5CAB-429E-81B5-09E3CCE5D738}.Debug|Any CPU.Build.0 = Debug|Any CPU
		{586EF2B5-5CAB-429E-81B5-09E3CCE5D738}.Release|Any CPU.ActiveCfg = Release|Any CPU
		{586EF2B5-5CAB-429E-81B5-09E3CCE5D738}.Release|Any CPU.Build.0 = Release|Any CPU
		{FD8F9064-DD3B-4976-B0C0-B00F667BE109}.Debug|Any CPU.ActiveCfg = Debug|Any CPU
		{FD8F9064-DD3B-4976-B0C0-B00F667BE109}.Debug|Any CPU.Build.0 = Debug|Any CPU
		{FD8F9064-DD3B-4976-B0C0-B00F667BE109}.Release|Any CPU.ActiveCfg = Release|Any CPU
		{FD8F9064-DD3B-4976-B0C0-B00F667BE109}.Release|Any CPU.Build.0 = Release|Any CPU
		{10CF4E86-68FE-455A-9043-F65F2EF3EB16}.Debug|Any CPU.ActiveCfg = Debug|Any CPU
		{10CF4E86-68FE-455A-9043-F65F2EF3EB16}.Debug|Any CPU.Build.0 = Debug|Any CPU
		{10CF4E86-68FE-455A-9043-F65F2EF3EB16}.Release|Any CPU.ActiveCfg = Release|Any CPU
		{10CF4E86-68FE-455A-9043-F65F2EF3EB16}.Release|Any CPU.Build.0 = Release|Any CPU
		{B10E0011-3358-47C4-A5D5-8FE0AB17B9CD}.Debug|Any CPU.ActiveCfg = Debug|Any CPU
		{B10E0011-3358-47C4-A5D5-8FE0AB17B9CD}.Debug|Any CPU.Build.0 = Debug|Any CPU
		{B10E0011-3358-47C4-A5D5-8FE0AB17B9CD}.Release|Any CPU.ActiveCfg = Release|Any CPU
		{B10E0011-3358-47C4-A5D5-8FE0AB17B9CD}.Release|Any CPU.Build.0 = Release|Any CPU
		{1284FD39-B30A-4EAA-9D94-FFA75DDCBBE7}.Debug|Any CPU.ActiveCfg = Debug|Any CPU
		{1284FD39-B30A-4EAA-9D94-FFA75DDCBBE7}.Debug|Any CPU.Build.0 = Debug|Any CPU
		{1284FD39-B30A-4EAA-9D94-FFA75DDCBBE7}.Release|Any CPU.ActiveCfg = Release|Any CPU
		{1284FD39-B30A-4EAA-9D94-FFA75DDCBBE7}.Release|Any CPU.Build.0 = Release|Any CPU
		{6F9F84FE-6E1B-467B-B652-62AAE9E1FE77}.Debug|Any CPU.ActiveCfg = Debug|Any CPU
		{6F9F84FE-6E1B-467B-B652-62AAE9E1FE77}.Debug|Any CPU.Build.0 = Debug|Any CPU
		{6F9F84FE-6E1B-467B-B652-62AAE9E1FE77}.Release|Any CPU.ActiveCfg = Release|Any CPU
		{6F9F84FE-6E1B-467B-B652-62AAE9E1FE77}.Release|Any CPU.Build.0 = Release|Any CPU
		{4D7E3926-1668-409B-9F4C-02FDD891F381}.Debug|Any CPU.ActiveCfg = Debug|Any CPU
		{4D7E3926-1668-409B-9F4C-02FDD891F381}.Debug|Any CPU.Build.0 = Debug|Any CPU
		{4D7E3926-1668-409B-9F4C-02FDD891F381}.Release|Any CPU.ActiveCfg = Release|Any CPU
		{4D7E3926-1668-409B-9F4C-02FDD891F381}.Release|Any CPU.Build.0 = Release|Any CPU
		{C1964278-5EB1-4296-AA0C-8403C99E1C45}.Debug|Any CPU.ActiveCfg = Debug|Any CPU
		{C1964278-5EB1-4296-AA0C-8403C99E1C45}.Debug|Any CPU.Build.0 = Debug|Any CPU
		{C1964278-5EB1-4296-AA0C-8403C99E1C45}.Release|Any CPU.ActiveCfg = Release|Any CPU
		{C1964278-5EB1-4296-AA0C-8403C99E1C45}.Release|Any CPU.Build.0 = Release|Any CPU
		{918BCF99-9E58-4092-B83F-DB47F20FFED9}.Debug|Any CPU.ActiveCfg = Debug|Any CPU
		{918BCF99-9E58-4092-B83F-DB47F20FFED9}.Debug|Any CPU.Build.0 = Debug|Any CPU
		{918BCF99-9E58-4092-B83F-DB47F20FFED9}.Release|Any CPU.ActiveCfg = Release|Any CPU
		{918BCF99-9E58-4092-B83F-DB47F20FFED9}.Release|Any CPU.Build.0 = Release|Any CPU
		{FC77449C-2C3C-4351-BC39-320DBEB1B7B9}.Debug|Any CPU.ActiveCfg = Debug|Any CPU
		{FC77449C-2C3C-4351-BC39-320DBEB1B7B9}.Debug|Any CPU.Build.0 = Debug|Any CPU
		{FC77449C-2C3C-4351-BC39-320DBEB1B7B9}.Release|Any CPU.ActiveCfg = Release|Any CPU
		{FC77449C-2C3C-4351-BC39-320DBEB1B7B9}.Release|Any CPU.Build.0 = Release|Any CPU
		{BBA68C5C-A9ED-46A6-BBE5-221EA45C24B4}.Debug|Any CPU.ActiveCfg = Debug|Any CPU
		{BBA68C5C-A9ED-46A6-BBE5-221EA45C24B4}.Debug|Any CPU.Build.0 = Debug|Any CPU
		{BBA68C5C-A9ED-46A6-BBE5-221EA45C24B4}.Release|Any CPU.ActiveCfg = Release|Any CPU
		{BBA68C5C-A9ED-46A6-BBE5-221EA45C24B4}.Release|Any CPU.Build.0 = Release|Any CPU
		{4E86E84A-FF19-476E-A678-7174A7BC12A5}.Debug|Any CPU.ActiveCfg = Debug|Any CPU
		{4E86E84A-FF19-476E-A678-7174A7BC12A5}.Debug|Any CPU.Build.0 = Debug|Any CPU
		{4E86E84A-FF19-476E-A678-7174A7BC12A5}.Release|Any CPU.ActiveCfg = Release|Any CPU
		{4E86E84A-FF19-476E-A678-7174A7BC12A5}.Release|Any CPU.Build.0 = Release|Any CPU
		{8C9C8B7D-D1A6-4239-B2F5-22712374D0FF}.Debug|Any CPU.ActiveCfg = Debug|Any CPU
		{8C9C8B7D-D1A6-4239-B2F5-22712374D0FF}.Debug|Any CPU.Build.0 = Debug|Any CPU
		{8C9C8B7D-D1A6-4239-B2F5-22712374D0FF}.Release|Any CPU.ActiveCfg = Release|Any CPU
		{8C9C8B7D-D1A6-4239-B2F5-22712374D0FF}.Release|Any CPU.Build.0 = Release|Any CPU
		{117984ED-D8DA-423E-A6BD-E4BF028B581F}.Debug|Any CPU.ActiveCfg = Debug|Any CPU
		{117984ED-D8DA-423E-A6BD-E4BF028B581F}.Debug|Any CPU.Build.0 = Debug|Any CPU
		{117984ED-D8DA-423E-A6BD-E4BF028B581F}.Release|Any CPU.ActiveCfg = Release|Any CPU
		{117984ED-D8DA-423E-A6BD-E4BF028B581F}.Release|Any CPU.Build.0 = Release|Any CPU
		{05904ADE-2399-45F3-9EB5-1834D5335E20}.Debug|Any CPU.ActiveCfg = Debug|Any CPU
		{05904ADE-2399-45F3-9EB5-1834D5335E20}.Debug|Any CPU.Build.0 = Debug|Any CPU
		{05904ADE-2399-45F3-9EB5-1834D5335E20}.Release|Any CPU.ActiveCfg = Release|Any CPU
		{05904ADE-2399-45F3-9EB5-1834D5335E20}.Release|Any CPU.Build.0 = Release|Any CPU
	EndGlobalSection
	GlobalSection(SolutionProperties) = preSolution
		HideSolutionNode = FALSE
	EndGlobalSection
	GlobalSection(ExtensibilityGlobals) = postSolution
		SolutionGuid = {901C0BBC-335D-40B0-86D9-38E5F7B2F9B2}
	EndGlobalSection
EndGlobal
